
Microsoft Visual Studio Solution File, Format Version 12.00
# Visual Studio 2012
Project("{FAE04EC0-301F-11D3-BF4B-00C04F79EFBC}") = "Authlete", "Authlete\Authlete.csproj", "{C1925B17-64C4-493B-AE6C-76C9A69AD69C}"
EndProject
Project("{FAE04EC0-301F-11D3-BF4B-00C04F79EFBC}") = "Authlete.Tests", "Authlete.Tests\Authlete.Tests.csproj", "{5AAB3CD0-C6A7-4A1F-9EB0-3729F87E3A1F}"
EndProject
Global
	GlobalSection(SolutionConfigurationPlatforms) = preSolution
		Debug|Any CPU = Debug|Any CPU
		Release|Any CPU = Release|Any CPU
	EndGlobalSection
	GlobalSection(ProjectConfigurationPlatforms) = postSolution
		{C1925B17-64C4-493B-AE6C-76C9A69AD69C}.Debug|Any CPU.ActiveCfg = Debug|Any CPU
		{C1925B17-64C4-493B-AE6C-76C9A69AD69C}.Debug|Any CPU.Build.0 = Debug|Any CPU
		{C1925B17-64C4-493B-AE6C-76C9A69AD69C}.Release|Any CPU.ActiveCfg = Release|Any CPU
		{C1925B17-64C4-493B-AE6C-76C9A69AD69C}.Release|Any CPU.Build.0 = Release|Any CPU
		{5AAB3CD0-C6A7-4A1F-9EB0-3729F87E3A1F}.Debug|Any CPU.ActiveCfg = Debug|Any CPU
		{5AAB3CD0-C6A7-4A1F-9EB0-3729F87E3A1F}.Debug|Any CPU.Build.0 = Debug|Any CPU
		{5AAB3CD0-C6A7-4A1F-9EB0-3729F87E3A1F}.Release|Any CPU.ActiveCfg = Release|Any CPU
		{5AAB3CD0-C6A7-4A1F-9EB0-3729F87E3A1F}.Release|Any CPU.Build.0 = Release|Any CPU
	EndGlobalSection
EndGlobal
